
Microsoft Visual Studio Solution File, Format Version 12.00
# Visual Studio Version 16
VisualStudioVersion = 16.0.29926.136
MinimumVisualStudioVersion = 10.0.40219.1
Project("{FAE04EC0-301F-11D3-BF4B-00C04F79EFBC}") = "Wolf en auto machine learning echt", "Wolf en auto machine learning echt.csproj", "{F2255E16-164E-4491-AD55-D9DE5DB92226}"
EndProject
Global
	GlobalSection(SolutionConfigurationPlatforms) = preSolution
		Debug|Any CPU = Debug|Any CPU
		Release|Any CPU = Release|Any CPU
	EndGlobalSection
	GlobalSection(ProjectConfigurationPlatforms) = postSolution
		{F2255E16-164E-4491-AD55-D9DE5DB92226}.Debug|Any CPU.ActiveCfg = Debug|Any CPU
		{F2255E16-164E-4491-AD55-D9DE5DB92226}.Debug|Any CPU.Build.0 = Debug|Any CPU
		{F2255E16-164E-4491-AD55-D9DE5DB92226}.Release|Any CPU.ActiveCfg = Release|Any CPU
		{F2255E16-164E-4491-AD55-D9DE5DB92226}.Release|Any CPU.Build.0 = Release|Any CPU
	EndGlobalSection
	GlobalSection(SolutionProperties) = preSolution
		HideSolutionNode = FALSE
	EndGlobalSection
	GlobalSection(ExtensibilityGlobals) = postSolution
		SolutionGuid = {F337A2E8-11B3-4246-A46C-BC5E051CA165}
	EndGlobalSection
EndGlobal
